// !$*UTF8*$!
{
	archiveVersion = 1;
	classes = {
	};
	objectVersion = 51;
	objects = {

/* Begin PBXBuildFile section */
		2C028E482613527800E35CB9 /* NConsoleViewController.swift in Sources */ = {isa = PBXBuildFile; fileRef = 2C028E472613527800E35CB9 /* NConsoleViewController.swift */; };
		2C0F6C4B25FB9140008AD618 /* PokemonDetailViewController.swift in Sources */ = {isa = PBXBuildFile; fileRef = 2C0F6C4A25FB9140008AD618 /* PokemonDetailViewController.swift */; };
		2C0F6C5025FB9268008AD618 /* pokemon-detail3.jpg in Resources */ = {isa = PBXBuildFile; fileRef = 2C0F6C4D25FB9267008AD618 /* pokemon-detail3.jpg */; };
		2C0F6C5125FB9268008AD618 /* pokemon-detail2.jpg in Resources */ = {isa = PBXBuildFile; fileRef = 2C0F6C4E25FB9267008AD618 /* pokemon-detail2.jpg */; };
		2C0F6C5225FB9268008AD618 /* pokemon-detail.jpg in Resources */ = {isa = PBXBuildFile; fileRef = 2C0F6C4F25FB9268008AD618 /* pokemon-detail.jpg */; };
		2C0F6C5525FB932D008AD618 /* pokeball-main.png in Resources */ = {isa = PBXBuildFile; fileRef = 2C0F6C5425FB932D008AD618 /* pokeball-main.png */; };
		2C0F6C5825FB93D5008AD618 /* pokemon-opening.mp3 in Resources */ = {isa = PBXBuildFile; fileRef = 2C0F6C5725FB93D4008AD618 /* pokemon-opening.mp3 */; };
		2C0F6C5B25FB9AD7008AD618 /* nds-startup.mp3 in Resources */ = {isa = PBXBuildFile; fileRef = 2C0F6C5A25FB9AD7008AD618 /* nds-startup.mp3 */; };
		2C1DC2C325EE6979004A1208 /* 24219-controller.json in Resources */ = {isa = PBXBuildFile; fileRef = 2C1DC2C225EE6979004A1208 /* 24219-controller.json */; };
		2C1E562725F1064B00241567 /* PlaystationViewController.swift in Sources */ = {isa = PBXBuildFile; fileRef = 2C1E562625F1064B00241567 /* PlaystationViewController.swift */; };
		2C2A19D726BBA5A0005356DB /* map_pinup_custom@3x.png in Resources */ = {isa = PBXBuildFile; fileRef = 2C2A19B226BBA59F005356DB /* map_pinup_custom@3x.png */; };
		2C2A19D826BBA5A0005356DB /* map_pin_custom.png in Resources */ = {isa = PBXBuildFile; fileRef = 2C2A19B326BBA59F005356DB /* map_pin_custom.png */; };
		2C2A19D926BBA5A0005356DB /* shadow_balloon.png in Resources */ = {isa = PBXBuildFile; fileRef = 2C2A19B426BBA59F005356DB /* shadow_balloon.png */; };
		2C2A19DA26BBA5A0005356DB /* map_pinup.png in Resources */ = {isa = PBXBuildFile; fileRef = 2C2A19B526BBA59F005356DB /* map_pinup.png */; };
		2C2A19DB26BBA5A0005356DB /* detail_button.png in Resources */ = {isa = PBXBuildFile; fileRef = 2C2A19B626BBA59F005356DB /* detail_button.png */; };
		2C2A19DC26BBA5A0005356DB /* map_pin_custom@3x.png in Resources */ = {isa = PBXBuildFile; fileRef = 2C2A19B726BBA59F005356DB /* map_pin_custom@3x.png */; };
		2C2A19DD26BBA5A0005356DB /* map_pinup@3x.png in Resources */ = {isa = PBXBuildFile; fileRef = 2C2A19B826BBA59F005356DB /* map_pinup@3x.png */; };
		2C2A19DE26BBA5A0005356DB /* map_pin_shadow@3x.png in Resources */ = {isa = PBXBuildFile; fileRef = 2C2A19B926BBA59F005356DB /* map_pin_shadow@3x.png */; };
		2C2A19DF26BBA5A0005356DB /* copyright.png in Resources */ = {isa = PBXBuildFile; fileRef = 2C2A19BA26BBA59F005356DB /* copyright.png */; };
		2C2A19E026BBA5A0005356DB /* th_line.png in Resources */ = {isa = PBXBuildFile; fileRef = 2C2A19BB26BBA59F005356DB /* th_line.png */; };
		2C2A19E126BBA5A0005356DB /* map_pin_red@3x.png in Resources */ = {isa = PBXBuildFile; fileRef = 2C2A19BC26BBA59F005356DB /* map_pin_red@3x.png */; };
		2C2A19E226BBA5A0005356DB /* daum_copyright.png in Resources */ = {isa = PBXBuildFile; fileRef = 2C2A19BD26BBA59F005356DB /* daum_copyright.png */; };
		2C2A19E326BBA5A0005356DB /* map_pin@3x.png in Resources */ = {isa = PBXBuildFile; fileRef = 2C2A19BE26BBA59F005356DB /* map_pin@3x.png */; };
		2C2A19E426BBA5A0005356DB /* map_present_tracking.png in Resources */ = {isa = PBXBuildFile; fileRef = 2C2A19BF26BBA59F005356DB /* map_present_tracking.png */; };
		2C2A19E526BBA5A0005356DB /* map_pin_red.png in Resources */ = {isa = PBXBuildFile; fileRef = 2C2A19C026BBA59F005356DB /* map_pin_red.png */; };
		2C2A19E626BBA5A0005356DB /* info_box.png in Resources */ = {isa = PBXBuildFile; fileRef = 2C2A19CA26BBA59F005356DB /* info_box.png */; };
		2C2A19E726BBA5A0005356DB /* point_sprite.png in Resources */ = {isa = PBXBuildFile; fileRef = 2C2A19CB26BBA59F005356DB /* point_sprite.png */; };
		2C2A19E826BBA5A0005356DB /* map_pinup_custom.png in Resources */ = {isa = PBXBuildFile; fileRef = 2C2A19CC26BBA59F005356DB /* map_pinup_custom.png */; };
		2C2A19E926BBA5A0005356DB /* info_box_tail.png in Resources */ = {isa = PBXBuildFile; fileRef = 2C2A19CD26BBA59F005356DB /* info_box_tail.png */; };
		2C2A19EA26BBA5A0005356DB /* noimage256.png in Resources */ = {isa = PBXBuildFile; fileRef = 2C2A19CE26BBA59F005356DB /* noimage256.png */; };
		2C2A19EB26BBA5A0005356DB /* map_present_direction.png in Resources */ = {isa = PBXBuildFile; fileRef = 2C2A19CF26BBA59F005356DB /* map_present_direction.png */; };
		2C2A19EC26BBA5A0005356DB /* map_pin.png in Resources */ = {isa = PBXBuildFile; fileRef = 2C2A19D026BBA59F005356DB /* map_pin.png */; };
		2C2A19ED26BBA5A0005356DB /* map_present.png in Resources */ = {isa = PBXBuildFile; fileRef = 2C2A19D126BBA59F005356DB /* map_present.png */; };
		2C2A19EE26BBA5A0005356DB /* noimage.png in Resources */ = {isa = PBXBuildFile; fileRef = 2C2A19D226BBA59F005356DB /* noimage.png */; };
		2C2A19EF26BBA5A0005356DB /* map_present_background_update.png in Resources */ = {isa = PBXBuildFile; fileRef = 2C2A19D326BBA59F005356DB /* map_present_background_update.png */; };
		2C2A19F026BBA5A0005356DB /* daum_th_line.png in Resources */ = {isa = PBXBuildFile; fileRef = 2C2A19D426BBA59F005356DB /* daum_th_line.png */; };
		2C2A19F126BBA5A0005356DB /* map_pin_shadow.png in Resources */ = {isa = PBXBuildFile; fileRef = 2C2A19D526BBA59F005356DB /* map_pin_shadow.png */; };
		2C2A1A1B26BBA626005356DB /* OpenGLES.framework in Frameworks */ = {isa = PBXBuildFile; fileRef = 2C2A1A1A26BBA626005356DB /* OpenGLES.framework */; };
		2C2A1A1D26BBA630005356DB /* SystemConfiguration.framework in Frameworks */ = {isa = PBXBuildFile; fileRef = 2C2A1A1C26BBA630005356DB /* SystemConfiguration.framework */; };
		2C2A1A1F26BBA63A005356DB /* CoreLocation.framework in Frameworks */ = {isa = PBXBuildFile; fileRef = 2C2A1A1E26BBA63A005356DB /* CoreLocation.framework */; };
		2C2A1A2126BBA642005356DB /* QuartzCore.framework in Frameworks */ = {isa = PBXBuildFile; fileRef = 2C2A1A2026BBA642005356DB /* QuartzCore.framework */; };
		2C2E83D825F36FF3005D0E3A /* pokemon-main.png in Resources */ = {isa = PBXBuildFile; fileRef = 2C2E83D525F36FF3005D0E3A /* pokemon-main.png */; };
		2C2E83D925F36FF3005D0E3A /* zelda-main.png in Resources */ = {isa = PBXBuildFile; fileRef = 2C2E83D625F36FF3005D0E3A /* zelda-main.png */; };
		2C2E83DA25F36FF3005D0E3A /* mario-main.png in Resources */ = {isa = PBXBuildFile; fileRef = 2C2E83D725F36FF3005D0E3A /* mario-main.png */; };
		2C2E83DD25F3A77F005D0E3A /* MarioDetailViewController.swift in Sources */ = {isa = PBXBuildFile; fileRef = 2C2E83DC25F3A77F005D0E3A /* MarioDetailViewController.swift */; };
		2C48715225FF8B8200C95842 /* switch-main.png in Resources */ = {isa = PBXBuildFile; fileRef = 2C48715125FF8B8200C95842 /* switch-main.png */; };
		2C48715525FF90A600C95842 /* nes-main.png in Resources */ = {isa = PBXBuildFile; fileRef = 2C48715425FF90A600C95842 /* nes-main.png */; };
		2C48715825FF949000C95842 /* NintendoDetailViewController.swift in Sources */ = {isa = PBXBuildFile; fileRef = 2C48715725FF949000C95842 /* NintendoDetailViewController.swift */; };
		2C4C9D672614A04F002039D8 /* ConsoleImageView.xib in Resources */ = {isa = PBXBuildFile; fileRef = 2C4C9D662614A04F002039D8 /* ConsoleImageView.xib */; };
		2C4C9D6A2614A06E002039D8 /* ConsoleImageView.swift in Sources */ = {isa = PBXBuildFile; fileRef = 2C4C9D692614A06E002039D8 /* ConsoleImageView.swift */; };
		2C4C9D732614A8D5002039D8 /* nintendo-console5.jpg in Resources */ = {isa = PBXBuildFile; fileRef = 2C4C9D6C2614A8D5002039D8 /* nintendo-console5.jpg */; };
		2C4C9D742614A8D5002039D8 /* nintendo-console7.jpg in Resources */ = {isa = PBXBuildFile; fileRef = 2C4C9D6D2614A8D5002039D8 /* nintendo-console7.jpg */; };
		2C4C9D752614A8D5002039D8 /* nintendo-console4.jpg in Resources */ = {isa = PBXBuildFile; fileRef = 2C4C9D6E2614A8D5002039D8 /* nintendo-console4.jpg */; };
		2C4C9D762614A8D5002039D8 /* nintendo-console1.jpg in Resources */ = {isa = PBXBuildFile; fileRef = 2C4C9D6F2614A8D5002039D8 /* nintendo-console1.jpg */; };
		2C4C9D772614A8D5002039D8 /* nintendo-console6.jpg in Resources */ = {isa = PBXBuildFile; fileRef = 2C4C9D702614A8D5002039D8 /* nintendo-console6.jpg */; };
		2C4C9D782614A8D5002039D8 /* nintendo-console2.jpg in Resources */ = {isa = PBXBuildFile; fileRef = 2C4C9D712614A8D5002039D8 /* nintendo-console2.jpg */; };
		2C4C9D792614A8D5002039D8 /* nintendo-console3.jpg in Resources */ = {isa = PBXBuildFile; fileRef = 2C4C9D722614A8D5002039D8 /* nintendo-console3.jpg */; };
		2C59785D26C4A686002CB021 /* libc++.tbd in Frameworks */ = {isa = PBXBuildFile; fileRef = 2C2A1A2226BBA651005356DB /* libc++.tbd */; };
		2C59785E26C4A688002CB021 /* libxml2.tbd in Frameworks */ = {isa = PBXBuildFile; fileRef = 2C2A1A2326BBA65A005356DB /* libxml2.tbd */; };
		2C59785F26C4A68C002CB021 /* libsqlite3.tbd in Frameworks */ = {isa = PBXBuildFile; fileRef = 2C2A1A2426BBA663005356DB /* libsqlite3.tbd */; };
		2C59786126C50D21002CB021 /* ConsolesView.swift in Sources */ = {isa = PBXBuildFile; fileRef = 2C59786026C50D21002CB021 /* ConsolesView.swift */; };
		2C619DC225EF6A84004B8C99 /* NintendoViewController.swift in Sources */ = {isa = PBXBuildFile; fileRef = 2C619DC125EF6A84004B8C99 /* NintendoViewController.swift */; };
		2C7B68842602253A000A8E56 /* nintendo-logo.png in Resources */ = {isa = PBXBuildFile; fileRef = 2C7B68832602253A000A8E56 /* nintendo-logo.png */; };
		2C83F44326CCEC16008146F5 /* ConsoleRow.swift in Sources */ = {isa = PBXBuildFile; fileRef = 2C83F44226CCEC16008146F5 /* ConsoleRow.swift */; };
		2C83F44526CDDB8A008146F5 /* ConsoleItem.swift in Sources */ = {isa = PBXBuildFile; fileRef = 2C83F44426CDDB8A008146F5 /* ConsoleItem.swift */; };
		2C93A13426BD050400E9CD1A /* NintendoModel.swift in Sources */ = {isa = PBXBuildFile; fileRef = 2C93A13326BD050400E9CD1A /* NintendoModel.swift */; };
		2C93A13726BD084600E9CD1A /* NintendoViewModel.swift in Sources */ = {isa = PBXBuildFile; fileRef = 2C93A13626BD084600E9CD1A /* NintendoViewModel.swift */; };
		2C962EDF26C0AA3300100F60 /* Pods-Playground.debug.xcconfig in Resources */ = {isa = PBXBuildFile; fileRef = 2C962ED226C0AA3300100F60 /* Pods-Playground.debug.xcconfig */; };
		2C962EE026C0AA3300100F60 /* Pods-Playground.release.xcconfig in Resources */ = {isa = PBXBuildFile; fileRef = 2C962ED326C0AA3300100F60 /* Pods-Playground.release.xcconfig */; };
		2C962EE126C0AA3300100F60 /* Pods-Playground-frameworks.sh in Resources */ = {isa = PBXBuildFile; fileRef = 2C962ED526C0AA3300100F60 /* Pods-Playground-frameworks.sh */; };
		2C962EE226C0AA3300100F60 /* Pods-Playground-frameworks-Release-input-files.xcfilelist in Resources */ = {isa = PBXBuildFile; fileRef = 2C962ED626C0AA3300100F60 /* Pods-Playground-frameworks-Release-input-files.xcfilelist */; };
		2C962EE326C0AA3300100F60 /* Pods-Playground-dummy.m in Sources */ = {isa = PBXBuildFile; fileRef = 2C962ED726C0AA3300100F60 /* Pods-Playground-dummy.m */; };
		2C962EE426C0AA3300100F60 /* Pods-Playground-acknowledgements.markdown in Resources */ = {isa = PBXBuildFile; fileRef = 2C962ED926C0AA3300100F60 /* Pods-Playground-acknowledgements.markdown */; };
		2C962EE526C0AA3300100F60 /* Pods-Playground-frameworks-Release-output-files.xcfilelist in Resources */ = {isa = PBXBuildFile; fileRef = 2C962EDA26C0AA3300100F60 /* Pods-Playground-frameworks-Release-output-files.xcfilelist */; };
		2C962EE626C0AA3300100F60 /* Pods-Playground-acknowledgements.plist in Resources */ = {isa = PBXBuildFile; fileRef = 2C962EDB26C0AA3300100F60 /* Pods-Playground-acknowledgements.plist */; };
		2C962EE726C0AA3300100F60 /* Pods-Playground-Info.plist in Resources */ = {isa = PBXBuildFile; fileRef = 2C962EDC26C0AA3300100F60 /* Pods-Playground-Info.plist */; };
		2C962EE826C0AA3300100F60 /* Pods-Playground-frameworks-Debug-output-files.xcfilelist in Resources */ = {isa = PBXBuildFile; fileRef = 2C962EDD26C0AA3300100F60 /* Pods-Playground-frameworks-Debug-output-files.xcfilelist */; };
		2C962EE926C0AA3300100F60 /* Pods-Playground-frameworks-Debug-input-files.xcfilelist in Resources */ = {isa = PBXBuildFile; fileRef = 2C962EDE26C0AA3300100F60 /* Pods-Playground-frameworks-Debug-input-files.xcfilelist */; };
		2C962EEA26C0ADEE00100F60 /* DaumMap.framework in Frameworks */ = {isa = PBXBuildFile; fileRef = 2C2A19D626BBA59F005356DB /* DaumMap.framework */; };
		2C98C1D725EE280700E974EF /* AppDelegate.swift in Sources */ = {isa = PBXBuildFile; fileRef = 2C98C1D625EE280700E974EF /* AppDelegate.swift */; };
		2C98C1D925EE280700E974EF /* SceneDelegate.swift in Sources */ = {isa = PBXBuildFile; fileRef = 2C98C1D825EE280700E974EF /* SceneDelegate.swift */; };
		2C98C1DB25EE280700E974EF /* ViewController.swift in Sources */ = {isa = PBXBuildFile; fileRef = 2C98C1DA25EE280700E974EF /* ViewController.swift */; };
		2C98C1DE25EE280700E974EF /* Main.storyboard in Resources */ = {isa = PBXBuildFile; fileRef = 2C98C1DC25EE280700E974EF /* Main.storyboard */; };
		2C98C1E025EE280800E974EF /* Assets.xcassets in Resources */ = {isa = PBXBuildFile; fileRef = 2C98C1DF25EE280800E974EF /* Assets.xcassets */; };
		2C98C1E325EE280800E974EF /* LaunchScreen.storyboard in Resources */ = {isa = PBXBuildFile; fileRef = 2C98C1E125EE280800E974EF /* LaunchScreen.storyboard */; };
		2CC6F99726AE5737004EC085 /* TabbarController.swift in Sources */ = {isa = PBXBuildFile; fileRef = 2CC6F99626AE5737004EC085 /* TabbarController.swift */; };
		2CD82C3B25FA3EAE00F66B3C /* Sound.swift in Sources */ = {isa = PBXBuildFile; fileRef = 2CD82C3A25FA3EAE00F66B3C /* Sound.swift */; };
		2CD82C3E25FA400300F66B3C /* mario-opening.mp3 in Resources */ = {isa = PBXBuildFile; fileRef = 2CD82C3D25FA400300F66B3C /* mario-opening.mp3 */; };
		2CD82C4225FA421700F66B3C /* ZeldaDetailViewControllers.swift in Sources */ = {isa = PBXBuildFile; fileRef = 2CD82C4125FA421700F66B3C /* ZeldaDetailViewControllers.swift */; };
		2CD82C4825FA438800F66B3C /* zelda-detail.jpg in Resources */ = {isa = PBXBuildFile; fileRef = 2CD82C4525FA438800F66B3C /* zelda-detail.jpg */; };
		2CD82C4925FA438800F66B3C /* zelda-detail2.png in Resources */ = {isa = PBXBuildFile; fileRef = 2CD82C4625FA438800F66B3C /* zelda-detail2.png */; };
		2CD82C4A25FA438800F66B3C /* zelda-detail3.jpg in Resources */ = {isa = PBXBuildFile; fileRef = 2CD82C4725FA438800F66B3C /* zelda-detail3.jpg */; };
		2CD82C4D25FA439900F66B3C /* link-detail.png in Resources */ = {isa = PBXBuildFile; fileRef = 2CD82C4C25FA439900F66B3C /* link-detail.png */; };
		2CD82C5025FA45AE00F66B3C /* zelda-opening.mp3 in Resources */ = {isa = PBXBuildFile; fileRef = 2CD82C4F25FA45AE00F66B3C /* zelda-opening.mp3 */; };
		2CE8B06B26A8FCF000F1BA69 /* HTTPManager.swift in Sources */ = {isa = PBXBuildFile; fileRef = 2CE8B06A26A8FCF000F1BA69 /* HTTPManager.swift */; };
		2CF2669825F60F0600AEE815 /* mario-detail2.jpg in Resources */ = {isa = PBXBuildFile; fileRef = 2CF2669525F60F0600AEE815 /* mario-detail2.jpg */; };
		2CF2669925F60F0600AEE815 /* mario-detail.jpg in Resources */ = {isa = PBXBuildFile; fileRef = 2CF2669625F60F0600AEE815 /* mario-detail.jpg */; };
		2CF2669A25F60F0600AEE815 /* mario-detail3.png in Resources */ = {isa = PBXBuildFile; fileRef = 2CF2669725F60F0600AEE815 /* mario-detail3.png */; };
		2CF266A025F651CF00AEE815 /* mario-mush.png in Resources */ = {isa = PBXBuildFile; fileRef = 2CF2669F25F651CF00AEE815 /* mario-mush.png */; };
/* End PBXBuildFile section */

/* Begin PBXFileReference section */
		2C028E472613527800E35CB9 /* NConsoleViewController.swift */ = {isa = PBXFileReference; lastKnownFileType = sourcecode.swift; path = NConsoleViewController.swift; sourceTree = "<group>"; };
		2C0F6C4A25FB9140008AD618 /* PokemonDetailViewController.swift */ = {isa = PBXFileReference; lastKnownFileType = sourcecode.swift; path = PokemonDetailViewController.swift; sourceTree = "<group>"; };
		2C0F6C4D25FB9267008AD618 /* pokemon-detail3.jpg */ = {isa = PBXFileReference; lastKnownFileType = image.jpeg; path = "pokemon-detail3.jpg"; sourceTree = "<group>"; };
		2C0F6C4E25FB9267008AD618 /* pokemon-detail2.jpg */ = {isa = PBXFileReference; lastKnownFileType = image.jpeg; path = "pokemon-detail2.jpg"; sourceTree = "<group>"; };
		2C0F6C4F25FB9268008AD618 /* pokemon-detail.jpg */ = {isa = PBXFileReference; lastKnownFileType = image.jpeg; path = "pokemon-detail.jpg"; sourceTree = "<group>"; };
		2C0F6C5425FB932D008AD618 /* pokeball-main.png */ = {isa = PBXFileReference; lastKnownFileType = image.png; path = "pokeball-main.png"; sourceTree = "<group>"; };
		2C0F6C5725FB93D4008AD618 /* pokemon-opening.mp3 */ = {isa = PBXFileReference; lastKnownFileType = audio.mp3; path = "pokemon-opening.mp3"; sourceTree = "<group>"; };
		2C0F6C5A25FB9AD7008AD618 /* nds-startup.mp3 */ = {isa = PBXFileReference; lastKnownFileType = audio.mp3; path = "nds-startup.mp3"; sourceTree = "<group>"; };
		2C1DC2C225EE6979004A1208 /* 24219-controller.json */ = {isa = PBXFileReference; fileEncoding = 4; lastKnownFileType = text.json; path = "24219-controller.json"; sourceTree = "<group>"; };
		2C1E562625F1064B00241567 /* PlaystationViewController.swift */ = {isa = PBXFileReference; lastKnownFileType = sourcecode.swift; path = PlaystationViewController.swift; sourceTree = "<group>"; };
		2C2A19B226BBA59F005356DB /* map_pinup_custom@3x.png */ = {isa = PBXFileReference; lastKnownFileType = image.png; path = "map_pinup_custom@3x.png"; sourceTree = "<group>"; };
		2C2A19B326BBA59F005356DB /* map_pin_custom.png */ = {isa = PBXFileReference; lastKnownFileType = image.png; path = map_pin_custom.png; sourceTree = "<group>"; };
		2C2A19B426BBA59F005356DB /* shadow_balloon.png */ = {isa = PBXFileReference; lastKnownFileType = image.png; path = shadow_balloon.png; sourceTree = "<group>"; };
		2C2A19B526BBA59F005356DB /* map_pinup.png */ = {isa = PBXFileReference; lastKnownFileType = image.png; path = map_pinup.png; sourceTree = "<group>"; };
		2C2A19B626BBA59F005356DB /* detail_button.png */ = {isa = PBXFileReference; lastKnownFileType = image.png; path = detail_button.png; sourceTree = "<group>"; };
		2C2A19B726BBA59F005356DB /* map_pin_custom@3x.png */ = {isa = PBXFileReference; lastKnownFileType = image.png; path = "map_pin_custom@3x.png"; sourceTree = "<group>"; };
		2C2A19B826BBA59F005356DB /* map_pinup@3x.png */ = {isa = PBXFileReference; lastKnownFileType = image.png; path = "map_pinup@3x.png"; sourceTree = "<group>"; };
		2C2A19B926BBA59F005356DB /* map_pin_shadow@3x.png */ = {isa = PBXFileReference; lastKnownFileType = image.png; path = "map_pin_shadow@3x.png"; sourceTree = "<group>"; };
		2C2A19BA26BBA59F005356DB /* copyright.png */ = {isa = PBXFileReference; lastKnownFileType = image.png; path = copyright.png; sourceTree = "<group>"; };
		2C2A19BB26BBA59F005356DB /* th_line.png */ = {isa = PBXFileReference; lastKnownFileType = image.png; path = th_line.png; sourceTree = "<group>"; };
		2C2A19BC26BBA59F005356DB /* map_pin_red@3x.png */ = {isa = PBXFileReference; lastKnownFileType = image.png; path = "map_pin_red@3x.png"; sourceTree = "<group>"; };
		2C2A19BD26BBA59F005356DB /* daum_copyright.png */ = {isa = PBXFileReference; lastKnownFileType = image.png; path = daum_copyright.png; sourceTree = "<group>"; };
		2C2A19BE26BBA59F005356DB /* map_pin@3x.png */ = {isa = PBXFileReference; lastKnownFileType = image.png; path = "map_pin@3x.png"; sourceTree = "<group>"; };
		2C2A19BF26BBA59F005356DB /* map_present_tracking.png */ = {isa = PBXFileReference; lastKnownFileType = image.png; path = map_present_tracking.png; sourceTree = "<group>"; };
		2C2A19C026BBA59F005356DB /* map_pin_red.png */ = {isa = PBXFileReference; lastKnownFileType = image.png; path = map_pin_red.png; sourceTree = "<group>"; };
		2C2A19C226BBA59F005356DB /* MTMapPOIItem.h */ = {isa = PBXFileReference; fileEncoding = 4; lastKnownFileType = sourcecode.c.h; path = MTMapPOIItem.h; sourceTree = "<group>"; };
		2C2A19C326BBA59F005356DB /* MTMapCameraUpdate.h */ = {isa = PBXFileReference; fileEncoding = 4; lastKnownFileType = sourcecode.c.h; path = MTMapCameraUpdate.h; sourceTree = "<group>"; };
		2C2A19C426BBA59F005356DB /* MTMapReverseGeoCoder.h */ = {isa = PBXFileReference; fileEncoding = 4; lastKnownFileType = sourcecode.c.h; path = MTMapReverseGeoCoder.h; sourceTree = "<group>"; };
		2C2A19C526BBA59F005356DB /* MTMapPolyline.h */ = {isa = PBXFileReference; fileEncoding = 4; lastKnownFileType = sourcecode.c.h; path = MTMapPolyline.h; sourceTree = "<group>"; };
		2C2A19C626BBA59F005356DB /* MTMapLocationMarkerItem.h */ = {isa = PBXFileReference; fileEncoding = 4; lastKnownFileType = sourcecode.c.h; path = MTMapLocationMarkerItem.h; sourceTree = "<group>"; };
		2C2A19C726BBA59F005356DB /* MTMapView.h */ = {isa = PBXFileReference; fileEncoding = 4; lastKnownFileType = sourcecode.c.h; path = MTMapView.h; sourceTree = "<group>"; };
		2C2A19C826BBA59F005356DB /* MTMapGeometry.h */ = {isa = PBXFileReference; fileEncoding = 4; lastKnownFileType = sourcecode.c.h; path = MTMapGeometry.h; sourceTree = "<group>"; };
		2C2A19C926BBA59F005356DB /* MTMapCircle.h */ = {isa = PBXFileReference; fileEncoding = 4; lastKnownFileType = sourcecode.c.h; path = MTMapCircle.h; sourceTree = "<group>"; };
		2C2A19CA26BBA59F005356DB /* info_box.png */ = {isa = PBXFileReference; lastKnownFileType = image.png; path = info_box.png; sourceTree = "<group>"; };
		2C2A19CB26BBA59F005356DB /* point_sprite.png */ = {isa = PBXFileReference; lastKnownFileType = image.png; path = point_sprite.png; sourceTree = "<group>"; };
		2C2A19CC26BBA59F005356DB /* map_pinup_custom.png */ = {isa = PBXFileReference; lastKnownFileType = image.png; path = map_pinup_custom.png; sourceTree = "<group>"; };
		2C2A19CD26BBA59F005356DB /* info_box_tail.png */ = {isa = PBXFileReference; lastKnownFileType = image.png; path = info_box_tail.png; sourceTree = "<group>"; };
		2C2A19CE26BBA59F005356DB /* noimage256.png */ = {isa = PBXFileReference; lastKnownFileType = image.png; path = noimage256.png; sourceTree = "<group>"; };
		2C2A19CF26BBA59F005356DB /* map_present_direction.png */ = {isa = PBXFileReference; lastKnownFileType = image.png; path = map_present_direction.png; sourceTree = "<group>"; };
		2C2A19D026BBA59F005356DB /* map_pin.png */ = {isa = PBXFileReference; lastKnownFileType = image.png; path = map_pin.png; sourceTree = "<group>"; };
		2C2A19D126BBA59F005356DB /* map_present.png */ = {isa = PBXFileReference; lastKnownFileType = image.png; path = map_present.png; sourceTree = "<group>"; };
		2C2A19D226BBA59F005356DB /* noimage.png */ = {isa = PBXFileReference; lastKnownFileType = image.png; path = noimage.png; sourceTree = "<group>"; };
		2C2A19D326BBA59F005356DB /* map_present_background_update.png */ = {isa = PBXFileReference; lastKnownFileType = image.png; path = map_present_background_update.png; sourceTree = "<group>"; };
		2C2A19D426BBA59F005356DB /* daum_th_line.png */ = {isa = PBXFileReference; lastKnownFileType = image.png; path = daum_th_line.png; sourceTree = "<group>"; };
		2C2A19D526BBA59F005356DB /* map_pin_shadow.png */ = {isa = PBXFileReference; lastKnownFileType = image.png; path = map_pin_shadow.png; sourceTree = "<group>"; };
		2C2A19D626BBA59F005356DB /* DaumMap.framework */ = {isa = PBXFileReference; lastKnownFileType = wrapper.framework; path = DaumMap.framework; sourceTree = "<group>"; };
		2C2A1A1A26BBA626005356DB /* OpenGLES.framework */ = {isa = PBXFileReference; lastKnownFileType = wrapper.framework; name = OpenGLES.framework; path = System/Library/Frameworks/OpenGLES.framework; sourceTree = SDKROOT; };
		2C2A1A1C26BBA630005356DB /* SystemConfiguration.framework */ = {isa = PBXFileReference; lastKnownFileType = wrapper.framework; name = SystemConfiguration.framework; path = System/Library/Frameworks/SystemConfiguration.framework; sourceTree = SDKROOT; };
		2C2A1A1E26BBA63A005356DB /* CoreLocation.framework */ = {isa = PBXFileReference; lastKnownFileType = wrapper.framework; name = CoreLocation.framework; path = System/Library/Frameworks/CoreLocation.framework; sourceTree = SDKROOT; };
		2C2A1A2026BBA642005356DB /* QuartzCore.framework */ = {isa = PBXFileReference; lastKnownFileType = wrapper.framework; name = QuartzCore.framework; path = System/Library/Frameworks/QuartzCore.framework; sourceTree = SDKROOT; };
		2C2A1A2226BBA651005356DB /* libc++.tbd */ = {isa = PBXFileReference; lastKnownFileType = "sourcecode.text-based-dylib-definition"; name = "libc++.tbd"; path = "usr/lib/libc++.tbd"; sourceTree = SDKROOT; };
		2C2A1A2326BBA65A005356DB /* libxml2.tbd */ = {isa = PBXFileReference; lastKnownFileType = "sourcecode.text-based-dylib-definition"; name = libxml2.tbd; path = usr/lib/libxml2.tbd; sourceTree = SDKROOT; };
		2C2A1A2426BBA663005356DB /* libsqlite3.tbd */ = {isa = PBXFileReference; lastKnownFileType = "sourcecode.text-based-dylib-definition"; name = libsqlite3.tbd; path = usr/lib/libsqlite3.tbd; sourceTree = SDKROOT; };
		2C2E83D525F36FF3005D0E3A /* pokemon-main.png */ = {isa = PBXFileReference; lastKnownFileType = image.png; path = "pokemon-main.png"; sourceTree = "<group>"; };
		2C2E83D625F36FF3005D0E3A /* zelda-main.png */ = {isa = PBXFileReference; lastKnownFileType = image.png; path = "zelda-main.png"; sourceTree = "<group>"; };
		2C2E83D725F36FF3005D0E3A /* mario-main.png */ = {isa = PBXFileReference; lastKnownFileType = image.png; path = "mario-main.png"; sourceTree = "<group>"; };
		2C2E83DC25F3A77F005D0E3A /* MarioDetailViewController.swift */ = {isa = PBXFileReference; lastKnownFileType = sourcecode.swift; path = MarioDetailViewController.swift; sourceTree = "<group>"; };
		2C48715125FF8B8200C95842 /* switch-main.png */ = {isa = PBXFileReference; lastKnownFileType = image.png; path = "switch-main.png"; sourceTree = "<group>"; };
		2C48715425FF90A600C95842 /* nes-main.png */ = {isa = PBXFileReference; lastKnownFileType = image.png; path = "nes-main.png"; sourceTree = "<group>"; };
		2C48715725FF949000C95842 /* NintendoDetailViewController.swift */ = {isa = PBXFileReference; lastKnownFileType = sourcecode.swift; path = NintendoDetailViewController.swift; sourceTree = "<group>"; };
		2C4C9D662614A04F002039D8 /* ConsoleImageView.xib */ = {isa = PBXFileReference; lastKnownFileType = file.xib; path = ConsoleImageView.xib; sourceTree = "<group>"; };
		2C4C9D692614A06E002039D8 /* ConsoleImageView.swift */ = {isa = PBXFileReference; lastKnownFileType = sourcecode.swift; path = ConsoleImageView.swift; sourceTree = "<group>"; };
		2C4C9D6C2614A8D5002039D8 /* nintendo-console5.jpg */ = {isa = PBXFileReference; lastKnownFileType = image.jpeg; path = "nintendo-console5.jpg"; sourceTree = "<group>"; };
		2C4C9D6D2614A8D5002039D8 /* nintendo-console7.jpg */ = {isa = PBXFileReference; lastKnownFileType = image.jpeg; path = "nintendo-console7.jpg"; sourceTree = "<group>"; };
		2C4C9D6E2614A8D5002039D8 /* nintendo-console4.jpg */ = {isa = PBXFileReference; lastKnownFileType = image.jpeg; path = "nintendo-console4.jpg"; sourceTree = "<group>"; };
		2C4C9D6F2614A8D5002039D8 /* nintendo-console1.jpg */ = {isa = PBXFileReference; lastKnownFileType = image.jpeg; path = "nintendo-console1.jpg"; sourceTree = "<group>"; };
		2C4C9D702614A8D5002039D8 /* nintendo-console6.jpg */ = {isa = PBXFileReference; lastKnownFileType = image.jpeg; path = "nintendo-console6.jpg"; sourceTree = "<group>"; };
		2C4C9D712614A8D5002039D8 /* nintendo-console2.jpg */ = {isa = PBXFileReference; lastKnownFileType = image.jpeg; path = "nintendo-console2.jpg"; sourceTree = "<group>"; };
		2C4C9D722614A8D5002039D8 /* nintendo-console3.jpg */ = {isa = PBXFileReference; lastKnownFileType = image.jpeg; path = "nintendo-console3.jpg"; sourceTree = "<group>"; };
		2C59786026C50D21002CB021 /* ConsolesView.swift */ = {isa = PBXFileReference; lastKnownFileType = sourcecode.swift; path = ConsolesView.swift; sourceTree = "<group>"; };
		2C619DC125EF6A84004B8C99 /* NintendoViewController.swift */ = {isa = PBXFileReference; lastKnownFileType = sourcecode.swift; path = NintendoViewController.swift; sourceTree = "<group>"; };
		2C7B68832602253A000A8E56 /* nintendo-logo.png */ = {isa = PBXFileReference; lastKnownFileType = image.png; path = "nintendo-logo.png"; sourceTree = "<group>"; };
		2C83F44226CCEC16008146F5 /* ConsoleRow.swift */ = {isa = PBXFileReference; lastKnownFileType = sourcecode.swift; path = ConsoleRow.swift; sourceTree = "<group>"; };
		2C83F44426CDDB8A008146F5 /* ConsoleItem.swift */ = {isa = PBXFileReference; lastKnownFileType = sourcecode.swift; path = ConsoleItem.swift; sourceTree = "<group>"; };
		2C93A13326BD050400E9CD1A /* NintendoModel.swift */ = {isa = PBXFileReference; lastKnownFileType = sourcecode.swift; path = NintendoModel.swift; sourceTree = "<group>"; };
		2C93A13626BD084600E9CD1A /* NintendoViewModel.swift */ = {isa = PBXFileReference; lastKnownFileType = sourcecode.swift; path = NintendoViewModel.swift; sourceTree = "<group>"; };
		2C962ED226C0AA3300100F60 /* Pods-Playground.debug.xcconfig */ = {isa = PBXFileReference; fileEncoding = 4; lastKnownFileType = text.xcconfig; path = "Pods-Playground.debug.xcconfig"; sourceTree = "<group>"; };
		2C962ED326C0AA3300100F60 /* Pods-Playground.release.xcconfig */ = {isa = PBXFileReference; fileEncoding = 4; lastKnownFileType = text.xcconfig; path = "Pods-Playground.release.xcconfig"; sourceTree = "<group>"; };
		2C962ED426C0AA3300100F60 /* Pods-Playground.modulemap */ = {isa = PBXFileReference; fileEncoding = 4; lastKnownFileType = "sourcecode.module-map"; path = "Pods-Playground.modulemap"; sourceTree = "<group>"; };
		2C962ED526C0AA3300100F60 /* Pods-Playground-frameworks.sh */ = {isa = PBXFileReference; fileEncoding = 4; lastKnownFileType = text.script.sh; path = "Pods-Playground-frameworks.sh"; sourceTree = "<group>"; };
		2C962ED626C0AA3300100F60 /* Pods-Playground-frameworks-Release-input-files.xcfilelist */ = {isa = PBXFileReference; fileEncoding = 4; lastKnownFileType = text.xcfilelist; path = "Pods-Playground-frameworks-Release-input-files.xcfilelist"; sourceTree = "<group>"; };
		2C962ED726C0AA3300100F60 /* Pods-Playground-dummy.m */ = {isa = PBXFileReference; fileEncoding = 4; lastKnownFileType = sourcecode.c.objc; path = "Pods-Playground-dummy.m"; sourceTree = "<group>"; };
		2C962ED826C0AA3300100F60 /* Pods-Playground-umbrella.h */ = {isa = PBXFileReference; fileEncoding = 4; lastKnownFileType = sourcecode.c.h; path = "Pods-Playground-umbrella.h"; sourceTree = "<group>"; };
		2C962ED926C0AA3300100F60 /* Pods-Playground-acknowledgements.markdown */ = {isa = PBXFileReference; fileEncoding = 4; lastKnownFileType = net.daringfireball.markdown; path = "Pods-Playground-acknowledgements.markdown"; sourceTree = "<group>"; };
		2C962EDA26C0AA3300100F60 /* Pods-Playground-frameworks-Release-output-files.xcfilelist */ = {isa = PBXFileReference; fileEncoding = 4; lastKnownFileType = text.xcfilelist; path = "Pods-Playground-frameworks-Release-output-files.xcfilelist"; sourceTree = "<group>"; };
		2C962EDB26C0AA3300100F60 /* Pods-Playground-acknowledgements.plist */ = {isa = PBXFileReference; fileEncoding = 4; lastKnownFileType = text.plist.xml; path = "Pods-Playground-acknowledgements.plist"; sourceTree = "<group>"; };
		2C962EDC26C0AA3300100F60 /* Pods-Playground-Info.plist */ = {isa = PBXFileReference; fileEncoding = 4; lastKnownFileType = text.plist.xml; path = "Pods-Playground-Info.plist"; sourceTree = "<group>"; };
		2C962EDD26C0AA3300100F60 /* Pods-Playground-frameworks-Debug-output-files.xcfilelist */ = {isa = PBXFileReference; fileEncoding = 4; lastKnownFileType = text.xcfilelist; path = "Pods-Playground-frameworks-Debug-output-files.xcfilelist"; sourceTree = "<group>"; };
		2C962EDE26C0AA3300100F60 /* Pods-Playground-frameworks-Debug-input-files.xcfilelist */ = {isa = PBXFileReference; fileEncoding = 4; lastKnownFileType = text.xcfilelist; path = "Pods-Playground-frameworks-Debug-input-files.xcfilelist"; sourceTree = "<group>"; };
		2C98C1D325EE280700E974EF /* Playground.app */ = {isa = PBXFileReference; explicitFileType = wrapper.application; includeInIndex = 0; path = Playground.app; sourceTree = BUILT_PRODUCTS_DIR; };
		2C98C1D625EE280700E974EF /* AppDelegate.swift */ = {isa = PBXFileReference; lastKnownFileType = sourcecode.swift; path = AppDelegate.swift; sourceTree = "<group>"; };
		2C98C1D825EE280700E974EF /* SceneDelegate.swift */ = {isa = PBXFileReference; lastKnownFileType = sourcecode.swift; path = SceneDelegate.swift; sourceTree = "<group>"; };
		2C98C1DA25EE280700E974EF /* ViewController.swift */ = {isa = PBXFileReference; lastKnownFileType = sourcecode.swift; path = ViewController.swift; sourceTree = "<group>"; };
		2C98C1DD25EE280700E974EF /* Base */ = {isa = PBXFileReference; lastKnownFileType = file.storyboard; name = Base; path = Base.lproj/Main.storyboard; sourceTree = "<group>"; };
		2C98C1DF25EE280800E974EF /* Assets.xcassets */ = {isa = PBXFileReference; lastKnownFileType = folder.assetcatalog; path = Assets.xcassets; sourceTree = "<group>"; };
		2C98C1E225EE280800E974EF /* Base */ = {isa = PBXFileReference; lastKnownFileType = file.storyboard; name = Base; path = Base.lproj/LaunchScreen.storyboard; sourceTree = "<group>"; };
		2C98C1E425EE280800E974EF /* Info.plist */ = {isa = PBXFileReference; lastKnownFileType = text.plist.xml; path = Info.plist; sourceTree = "<group>"; };
		2CC6F99626AE5737004EC085 /* TabbarController.swift */ = {isa = PBXFileReference; lastKnownFileType = sourcecode.swift; path = TabbarController.swift; sourceTree = "<group>"; };
		2CD82C3A25FA3EAE00F66B3C /* Sound.swift */ = {isa = PBXFileReference; lastKnownFileType = sourcecode.swift; path = Sound.swift; sourceTree = "<group>"; };
		2CD82C3D25FA400300F66B3C /* mario-opening.mp3 */ = {isa = PBXFileReference; lastKnownFileType = audio.mp3; path = "mario-opening.mp3"; sourceTree = "<group>"; };
		2CD82C4125FA421700F66B3C /* ZeldaDetailViewControllers.swift */ = {isa = PBXFileReference; lastKnownFileType = sourcecode.swift; path = ZeldaDetailViewControllers.swift; sourceTree = "<group>"; };
		2CD82C4525FA438800F66B3C /* zelda-detail.jpg */ = {isa = PBXFileReference; lastKnownFileType = image.jpeg; path = "zelda-detail.jpg"; sourceTree = "<group>"; };
		2CD82C4625FA438800F66B3C /* zelda-detail2.png */ = {isa = PBXFileReference; lastKnownFileType = image.png; path = "zelda-detail2.png"; sourceTree = "<group>"; };
		2CD82C4725FA438800F66B3C /* zelda-detail3.jpg */ = {isa = PBXFileReference; lastKnownFileType = image.jpeg; path = "zelda-detail3.jpg"; sourceTree = "<group>"; };
		2CD82C4C25FA439900F66B3C /* link-detail.png */ = {isa = PBXFileReference; lastKnownFileType = image.png; path = "link-detail.png"; sourceTree = "<group>"; };
		2CD82C4F25FA45AE00F66B3C /* zelda-opening.mp3 */ = {isa = PBXFileReference; lastKnownFileType = audio.mp3; path = "zelda-opening.mp3"; sourceTree = "<group>"; };
		2CE4558A26BBB4A5007F4AF5 /* BridgeHeader.h */ = {isa = PBXFileReference; lastKnownFileType = sourcecode.c.h; path = BridgeHeader.h; sourceTree = "<group>"; };
		2CE8B06A26A8FCF000F1BA69 /* HTTPManager.swift */ = {isa = PBXFileReference; lastKnownFileType = sourcecode.swift; path = HTTPManager.swift; sourceTree = "<group>"; };
		2CF2669525F60F0600AEE815 /* mario-detail2.jpg */ = {isa = PBXFileReference; lastKnownFileType = image.jpeg; path = "mario-detail2.jpg"; sourceTree = "<group>"; };
		2CF2669625F60F0600AEE815 /* mario-detail.jpg */ = {isa = PBXFileReference; lastKnownFileType = image.jpeg; path = "mario-detail.jpg"; sourceTree = "<group>"; };
		2CF2669725F60F0600AEE815 /* mario-detail3.png */ = {isa = PBXFileReference; lastKnownFileType = image.png; path = "mario-detail3.png"; sourceTree = "<group>"; };
		2CF2669F25F651CF00AEE815 /* mario-mush.png */ = {isa = PBXFileReference; lastKnownFileType = image.png; path = "mario-mush.png"; sourceTree = "<group>"; };
		5DC9C50F77133AC1E7E218F8 /* Pods-Playground.debug.xcconfig */ = {isa = PBXFileReference; includeInIndex = 1; lastKnownFileType = text.xcconfig; name = "Pods-Playground.debug.xcconfig"; path = "Target Support Files/Pods-Playground/Pods-Playground.debug.xcconfig"; sourceTree = "<group>"; };
		8785C96ECAC33FB50F5497D4 /* Pods-Playground.release.xcconfig */ = {isa = PBXFileReference; includeInIndex = 1; lastKnownFileType = text.xcconfig; name = "Pods-Playground.release.xcconfig"; path = "Target Support Files/Pods-Playground/Pods-Playground.release.xcconfig"; sourceTree = "<group>"; };
/* End PBXFileReference section */

/* Begin PBXFrameworksBuildPhase section */
		2C98C1D025EE280700E974EF /* Frameworks */ = {
			isa = PBXFrameworksBuildPhase;
			buildActionMask = 2147483647;
			files = (
				2C59785D26C4A686002CB021 /* libc++.tbd in Frameworks */,
				2C2A1A1F26BBA63A005356DB /* CoreLocation.framework in Frameworks */,
				2C59785F26C4A68C002CB021 /* libsqlite3.tbd in Frameworks */,
				2C962EEA26C0ADEE00100F60 /* DaumMap.framework in Frameworks */,
				2C59785E26C4A688002CB021 /* libxml2.tbd in Frameworks */,
				2C2A1A2126BBA642005356DB /* QuartzCore.framework in Frameworks */,
				2C2A1A1D26BBA630005356DB /* SystemConfiguration.framework in Frameworks */,
				2C2A1A1B26BBA626005356DB /* OpenGLES.framework in Frameworks */,
			);
			runOnlyForDeploymentPostprocessing = 0;
		};
/* End PBXFrameworksBuildPhase section */

/* Begin PBXGroup section */
		2C1DC2B925EE689A004A1208 /* Supporting Views */ = {
			isa = PBXGroup;
			children = (
				2C83F44126CCEBBE008146F5 /* SwiftUI Views */,
				2CD82C3A25FA3EAE00F66B3C /* Sound.swift */,
				2C4C9D662614A04F002039D8 /* ConsoleImageView.xib */,
				2C4C9D692614A06E002039D8 /* ConsoleImageView.swift */,
			);
			path = "Supporting Views";
			sourceTree = "<group>";
		};
		2C1DC2C125EE6967004A1208 /* Resources */ = {
			isa = PBXGroup;
			children = (
				2C2E83D725F36FF3005D0E3A /* mario-main.png */,
				2C2E83D525F36FF3005D0E3A /* pokemon-main.png */,
				2C2E83D625F36FF3005D0E3A /* zelda-main.png */,
				2CF2669625F60F0600AEE815 /* mario-detail.jpg */,
				2CF2669525F60F0600AEE815 /* mario-detail2.jpg */,
				2CF2669725F60F0600AEE815 /* mario-detail3.png */,
				2CF2669F25F651CF00AEE815 /* mario-mush.png */,
				2CD82C4525FA438800F66B3C /* zelda-detail.jpg */,
				2CD82C4625FA438800F66B3C /* zelda-detail2.png */,
				2CD82C4725FA438800F66B3C /* zelda-detail3.jpg */,
				2CD82C4C25FA439900F66B3C /* link-detail.png */,
				2C0F6C4F25FB9268008AD618 /* pokemon-detail.jpg */,
				2C0F6C4E25FB9267008AD618 /* pokemon-detail2.jpg */,
				2C0F6C4D25FB9267008AD618 /* pokemon-detail3.jpg */,
				2C0F6C5425FB932D008AD618 /* pokeball-main.png */,
				2C48715125FF8B8200C95842 /* switch-main.png */,
				2C48715425FF90A600C95842 /* nes-main.png */,
				2C7B68832602253A000A8E56 /* nintendo-logo.png */,
				2C1DC2C225EE6979004A1208 /* 24219-controller.json */,
				2C4C9D6F2614A8D5002039D8 /* nintendo-console1.jpg */,
				2C4C9D712614A8D5002039D8 /* nintendo-console2.jpg */,
				2C4C9D722614A8D5002039D8 /* nintendo-console3.jpg */,
				2C4C9D6E2614A8D5002039D8 /* nintendo-console4.jpg */,
				2C4C9D6C2614A8D5002039D8 /* nintendo-console5.jpg */,
				2C4C9D702614A8D5002039D8 /* nintendo-console6.jpg */,
				2C4C9D6D2614A8D5002039D8 /* nintendo-console7.jpg */,
				2C0F6C5A25FB9AD7008AD618 /* nds-startup.mp3 */,
				2CD82C3D25FA400300F66B3C /* mario-opening.mp3 */,
				2CD82C4F25FA45AE00F66B3C /* zelda-opening.mp3 */,
				2C0F6C5725FB93D4008AD618 /* pokemon-opening.mp3 */,
			);
			path = Resources;
			sourceTree = "<group>";
		};
		2C2A19B026BBA59F005356DB /* DaumMap.embeddedframework */ = {
			isa = PBXGroup;
			children = (
				2C2A19B126BBA59F005356DB /* Resources */,
				2C2A19D626BBA59F005356DB /* DaumMap.framework */,
			);
			name = DaumMap.embeddedframework;
			path = ../../IOS_DaumMap_SDK_1.4.0/lib/DaumMap.embeddedframework;
			sourceTree = "<group>";
		};
		2C2A19B126BBA59F005356DB /* Resources */ = {
			isa = PBXGroup;
			children = (
				2C2A19B226BBA59F005356DB /* map_pinup_custom@3x.png */,
				2C2A19B326BBA59F005356DB /* map_pin_custom.png */,
				2C2A19B426BBA59F005356DB /* shadow_balloon.png */,
				2C2A19B526BBA59F005356DB /* map_pinup.png */,
				2C2A19B626BBA59F005356DB /* detail_button.png */,
				2C2A19B726BBA59F005356DB /* map_pin_custom@3x.png */,
				2C2A19B826BBA59F005356DB /* map_pinup@3x.png */,
				2C2A19B926BBA59F005356DB /* map_pin_shadow@3x.png */,
				2C2A19BA26BBA59F005356DB /* copyright.png */,
				2C2A19BB26BBA59F005356DB /* th_line.png */,
				2C2A19BC26BBA59F005356DB /* map_pin_red@3x.png */,
				2C2A19BD26BBA59F005356DB /* daum_copyright.png */,
				2C2A19BE26BBA59F005356DB /* map_pin@3x.png */,
				2C2A19BF26BBA59F005356DB /* map_present_tracking.png */,
				2C2A19C026BBA59F005356DB /* map_pin_red.png */,
				2C2A19C126BBA59F005356DB /* Headers */,
				2C2A19CA26BBA59F005356DB /* info_box.png */,
				2C2A19CB26BBA59F005356DB /* point_sprite.png */,
				2C2A19CC26BBA59F005356DB /* map_pinup_custom.png */,
				2C2A19CD26BBA59F005356DB /* info_box_tail.png */,
				2C2A19CE26BBA59F005356DB /* noimage256.png */,
				2C2A19CF26BBA59F005356DB /* map_present_direction.png */,
				2C2A19D026BBA59F005356DB /* map_pin.png */,
				2C2A19D126BBA59F005356DB /* map_present.png */,
				2C2A19D226BBA59F005356DB /* noimage.png */,
				2C2A19D326BBA59F005356DB /* map_present_background_update.png */,
				2C2A19D426BBA59F005356DB /* daum_th_line.png */,
				2C2A19D526BBA59F005356DB /* map_pin_shadow.png */,
			);
			path = Resources;
			sourceTree = "<group>";
		};
		2C2A19C126BBA59F005356DB /* Headers */ = {
			isa = PBXGroup;
			children = (
				2C2A19C226BBA59F005356DB /* MTMapPOIItem.h */,
				2C2A19C326BBA59F005356DB /* MTMapCameraUpdate.h */,
				2C2A19C426BBA59F005356DB /* MTMapReverseGeoCoder.h */,
				2C2A19C526BBA59F005356DB /* MTMapPolyline.h */,
				2C2A19C626BBA59F005356DB /* MTMapLocationMarkerItem.h */,
				2C2A19C726BBA59F005356DB /* MTMapView.h */,
				2C2A19C826BBA59F005356DB /* MTMapGeometry.h */,
				2C2A19C926BBA59F005356DB /* MTMapCircle.h */,
			);
			path = Headers;
			sourceTree = "<group>";
		};
		2C619DC025EF6A63004B8C99 /* ViewControllers */ = {
			isa = PBXGroup;
			children = (
				2C98C1DA25EE280700E974EF /* ViewController.swift */,
				2CC6F99626AE5737004EC085 /* TabbarController.swift */,
				2C619DC125EF6A84004B8C99 /* NintendoViewController.swift */,
				2C1E562625F1064B00241567 /* PlaystationViewController.swift */,
				2CD82C4025FA416E00F66B3C /* Detail ViewControllers */,
			);
			path = ViewControllers;
			sourceTree = "<group>";
		};
		2C83F44126CCEBBE008146F5 /* SwiftUI Views */ = {
			isa = PBXGroup;
			children = (
				2C59786026C50D21002CB021 /* ConsolesView.swift */,
				2C83F44226CCEC16008146F5 /* ConsoleRow.swift */,
				2C83F44426CDDB8A008146F5 /* ConsoleItem.swift */,
			);
			path = "SwiftUI Views";
			sourceTree = "<group>";
		};
		2C93A13226BD04EC00E9CD1A /* Models */ = {
			isa = PBXGroup;
			children = (
				2C93A13326BD050400E9CD1A /* NintendoModel.swift */,
			);
			path = Models;
			sourceTree = "<group>";
		};
		2C93A13526BD081E00E9CD1A /* ViewModels */ = {
			isa = PBXGroup;
			children = (
				2C93A13626BD084600E9CD1A /* NintendoViewModel.swift */,
			);
			path = ViewModels;
			sourceTree = "<group>";
		};
		2C962ED126C0AA3300100F60 /* Pods-Playground */ = {
			isa = PBXGroup;
			children = (
				2C962ED226C0AA3300100F60 /* Pods-Playground.debug.xcconfig */,
				2C962ED326C0AA3300100F60 /* Pods-Playground.release.xcconfig */,
				2C962ED426C0AA3300100F60 /* Pods-Playground.modulemap */,
				2C962ED526C0AA3300100F60 /* Pods-Playground-frameworks.sh */,
				2C962ED626C0AA3300100F60 /* Pods-Playground-frameworks-Release-input-files.xcfilelist */,
				2C962ED726C0AA3300100F60 /* Pods-Playground-dummy.m */,
				2C962ED826C0AA3300100F60 /* Pods-Playground-umbrella.h */,
				2C962ED926C0AA3300100F60 /* Pods-Playground-acknowledgements.markdown */,
				2C962EDA26C0AA3300100F60 /* Pods-Playground-frameworks-Release-output-files.xcfilelist */,
				2C962EDB26C0AA3300100F60 /* Pods-Playground-acknowledgements.plist */,
				2C962EDC26C0AA3300100F60 /* Pods-Playground-Info.plist */,
				2C962EDD26C0AA3300100F60 /* Pods-Playground-frameworks-Debug-output-files.xcfilelist */,
				2C962EDE26C0AA3300100F60 /* Pods-Playground-frameworks-Debug-input-files.xcfilelist */,
			);
			path = "Pods-Playground";
			sourceTree = "<group>";
		};
		2C98C1CA25EE280700E974EF = {
			isa = PBXGroup;
			children = (
				2C93A13226BD04EC00E9CD1A /* Models */,
				2C93A13526BD081E00E9CD1A /* ViewModels */,
				2CE4558926BBB480007F4AF5 /* Header */,
				2CE8B06926A8FB7F00F1BA69 /* Manager */,
				2C98C1D525EE280700E974EF /* Playground */,
				2C619DC025EF6A63004B8C99 /* ViewControllers */,
				2C1DC2B925EE689A004A1208 /* Supporting Views */,
				2C1DC2C125EE6967004A1208 /* Resources */,
				2C98C1D425EE280700E974EF /* Products */,
				5C484937E215ACBAB6D9E021 /* Pods */,
				96553BDE9A134F8BFC41F2B5 /* Frameworks */,
			);
			sourceTree = "<group>";
		};
		2C98C1D425EE280700E974EF /* Products */ = {
			isa = PBXGroup;
			children = (
				2C98C1D325EE280700E974EF /* Playground.app */,
			);
			name = Products;
			sourceTree = "<group>";
		};
		2C98C1D525EE280700E974EF /* Playground */ = {
			isa = PBXGroup;
			children = (
				2C98C1D625EE280700E974EF /* AppDelegate.swift */,
				2C98C1D825EE280700E974EF /* SceneDelegate.swift */,
				2C98C1DC25EE280700E974EF /* Main.storyboard */,
				2C98C1DF25EE280800E974EF /* Assets.xcassets */,
				2C98C1E125EE280800E974EF /* LaunchScreen.storyboard */,
				2C98C1E425EE280800E974EF /* Info.plist */,
				2C2A19B026BBA59F005356DB /* DaumMap.embeddedframework */,
			);
			path = Playground;
			sourceTree = "<group>";
		};
		2CD82C4025FA416E00F66B3C /* Detail ViewControllers */ = {
			isa = PBXGroup;
			children = (
				2C2E83DC25F3A77F005D0E3A /* MarioDetailViewController.swift */,
				2CD82C4125FA421700F66B3C /* ZeldaDetailViewControllers.swift */,
				2C0F6C4A25FB9140008AD618 /* PokemonDetailViewController.swift */,
				2C48715725FF949000C95842 /* NintendoDetailViewController.swift */,
				2C028E472613527800E35CB9 /* NConsoleViewController.swift */,
			);
			path = "Detail ViewControllers";
			sourceTree = "<group>";
		};
		2CE4558926BBB480007F4AF5 /* Header */ = {
			isa = PBXGroup;
			children = (
				2CE4558A26BBB4A5007F4AF5 /* BridgeHeader.h */,
			);
			path = Header;
			sourceTree = "<group>";
		};
		2CE8B06926A8FB7F00F1BA69 /* Manager */ = {
			isa = PBXGroup;
			children = (
				2CE8B06A26A8FCF000F1BA69 /* HTTPManager.swift */,
			);
			path = Manager;
			sourceTree = "<group>";
		};
		5C484937E215ACBAB6D9E021 /* Pods */ = {
			isa = PBXGroup;
			children = (
				5DC9C50F77133AC1E7E218F8 /* Pods-Playground.debug.xcconfig */,
				8785C96ECAC33FB50F5497D4 /* Pods-Playground.release.xcconfig */,
			);
			path = Pods;
			sourceTree = "<group>";
		};
		96553BDE9A134F8BFC41F2B5 /* Frameworks */ = {
			isa = PBXGroup;
			children = (
				2C2A1A2426BBA663005356DB /* libsqlite3.tbd */,
				2C2A1A2326BBA65A005356DB /* libxml2.tbd */,
				2C2A1A2226BBA651005356DB /* libc++.tbd */,
				2C2A1A2026BBA642005356DB /* QuartzCore.framework */,
				2C2A1A1E26BBA63A005356DB /* CoreLocation.framework */,
				2C2A1A1C26BBA630005356DB /* SystemConfiguration.framework */,
				2C2A1A1A26BBA626005356DB /* OpenGLES.framework */,
				2C962ED126C0AA3300100F60 /* Pods-Playground */,
			);
			name = Frameworks;
			sourceTree = "<group>";
		};
/* End PBXGroup section */

/* Begin PBXNativeTarget section */
		2C98C1D225EE280700E974EF /* Playground */ = {
			isa = PBXNativeTarget;
			buildConfigurationList = 2C98C1E725EE280800E974EF /* Build configuration list for PBXNativeTarget "Playground" */;
			buildPhases = (
				E11B4B92700830E1EBA4CBE3 /* [CP] Check Pods Manifest.lock */,
				2C98C1CF25EE280700E974EF /* Sources */,
				2C98C1D025EE280700E974EF /* Frameworks */,
				2C98C1D125EE280700E974EF /* Resources */,
				7EE742E1148728E7C2535AAD /* [CP] Embed Pods Frameworks */,
			);
			buildRules = (
			);
			dependencies = (
			);
			name = Playground;
			productName = Playground;
			productReference = 2C98C1D325EE280700E974EF /* Playground.app */;
			productType = "com.apple.product-type.application";
		};
/* End PBXNativeTarget section */

/* Begin PBXProject section */
		2C98C1CB25EE280700E974EF /* Project object */ = {
			isa = PBXProject;
			attributes = {
				LastSwiftUpdateCheck = 1240;
				LastUpgradeCheck = 1240;
				TargetAttributes = {
					2C98C1D225EE280700E974EF = {
						CreatedOnToolsVersion = 12.4;
					};
				};
			};
			buildConfigurationList = 2C98C1CE25EE280700E974EF /* Build configuration list for PBXProject "Playground" */;
			compatibilityVersion = "Xcode 9.3";
			developmentRegion = en;
			hasScannedForEncodings = 0;
			knownRegions = (
				en,
				Base,
			);
			mainGroup = 2C98C1CA25EE280700E974EF;
			productRefGroup = 2C98C1D425EE280700E974EF /* Products */;
			projectDirPath = "";
			projectRoot = "";
			targets = (
				2C98C1D225EE280700E974EF /* Playground */,
			);
		};
/* End PBXProject section */

/* Begin PBXResourcesBuildPhase section */
		2C98C1D125EE280700E974EF /* Resources */ = {
			isa = PBXResourcesBuildPhase;
			buildActionMask = 2147483647;
			files = (
				2C2A19DB26BBA5A0005356DB /* detail_button.png in Resources */,
				2CD82C4D25FA439900F66B3C /* link-detail.png in Resources */,
				2C1DC2C325EE6979004A1208 /* 24219-controller.json in Resources */,
				2C2A19E126BBA5A0005356DB /* map_pin_red@3x.png in Resources */,
				2C962EDF26C0AA3300100F60 /* Pods-Playground.debug.xcconfig in Resources */,
				2C0F6C5225FB9268008AD618 /* pokemon-detail.jpg in Resources */,
				2C98C1E325EE280800E974EF /* LaunchScreen.storyboard in Resources */,
				2C4C9D762614A8D5002039D8 /* nintendo-console1.jpg in Resources */,
				2C48715525FF90A600C95842 /* nes-main.png in Resources */,
				2C2A19F026BBA5A0005356DB /* daum_th_line.png in Resources */,
				2C2A19EE26BBA5A0005356DB /* noimage.png in Resources */,
				2CF2669825F60F0600AEE815 /* mario-detail2.jpg in Resources */,
				2C2E83DA25F36FF3005D0E3A /* mario-main.png in Resources */,
				2C48715225FF8B8200C95842 /* switch-main.png in Resources */,
				2C2A19E926BBA5A0005356DB /* info_box_tail.png in Resources */,
				2C2A19EF26BBA5A0005356DB /* map_present_background_update.png in Resources */,
				2C2A19E426BBA5A0005356DB /* map_present_tracking.png in Resources */,
				2CD82C4925FA438800F66B3C /* zelda-detail2.png in Resources */,
				2C2A19E226BBA5A0005356DB /* daum_copyright.png in Resources */,
				2C2A19EB26BBA5A0005356DB /* map_present_direction.png in Resources */,
				2C962EE026C0AA3300100F60 /* Pods-Playground.release.xcconfig in Resources */,
				2CD82C3E25FA400300F66B3C /* mario-opening.mp3 in Resources */,
				2C2A19ED26BBA5A0005356DB /* map_present.png in Resources */,
				2C2A19D826BBA5A0005356DB /* map_pin_custom.png in Resources */,
				2C2A19E026BBA5A0005356DB /* th_line.png in Resources */,
				2C2A19D926BBA5A0005356DB /* shadow_balloon.png in Resources */,
				2C2A19F126BBA5A0005356DB /* map_pin_shadow.png in Resources */,
				2C2A19E826BBA5A0005356DB /* map_pinup_custom.png in Resources */,
				2C2E83D825F36FF3005D0E3A /* pokemon-main.png in Resources */,
				2C4C9D792614A8D5002039D8 /* nintendo-console3.jpg in Resources */,
				2C4C9D742614A8D5002039D8 /* nintendo-console7.jpg in Resources */,
				2C2A19DC26BBA5A0005356DB /* map_pin_custom@3x.png in Resources */,
				2C2A19D726BBA5A0005356DB /* map_pinup_custom@3x.png in Resources */,
				2C0F6C5025FB9268008AD618 /* pokemon-detail3.jpg in Resources */,
				2CD82C4A25FA438800F66B3C /* zelda-detail3.jpg in Resources */,
				2C4C9D672614A04F002039D8 /* ConsoleImageView.xib in Resources */,
				2C962EE926C0AA3300100F60 /* Pods-Playground-frameworks-Debug-input-files.xcfilelist in Resources */,
				2C962EE426C0AA3300100F60 /* Pods-Playground-acknowledgements.markdown in Resources */,
				2C2A19DD26BBA5A0005356DB /* map_pinup@3x.png in Resources */,
				2C2A19E326BBA5A0005356DB /* map_pin@3x.png in Resources */,
				2C4C9D752614A8D5002039D8 /* nintendo-console4.jpg in Resources */,
				2CF2669A25F60F0600AEE815 /* mario-detail3.png in Resources */,
				2C962EE826C0AA3300100F60 /* Pods-Playground-frameworks-Debug-output-files.xcfilelist in Resources */,
				2C0F6C5525FB932D008AD618 /* pokeball-main.png in Resources */,
				2C2A19E626BBA5A0005356DB /* info_box.png in Resources */,
				2C2A19EA26BBA5A0005356DB /* noimage256.png in Resources */,
				2C0F6C5825FB93D5008AD618 /* pokemon-opening.mp3 in Resources */,
				2C2A19DF26BBA5A0005356DB /* copyright.png in Resources */,
				2C962EE726C0AA3300100F60 /* Pods-Playground-Info.plist in Resources */,
				2C2E83D925F36FF3005D0E3A /* zelda-main.png in Resources */,
				2C98C1E025EE280800E974EF /* Assets.xcassets in Resources */,
				2CD82C4825FA438800F66B3C /* zelda-detail.jpg in Resources */,
				2C7B68842602253A000A8E56 /* nintendo-logo.png in Resources */,
				2C2A19E726BBA5A0005356DB /* point_sprite.png in Resources */,
				2C962EE226C0AA3300100F60 /* Pods-Playground-frameworks-Release-input-files.xcfilelist in Resources */,
				2CF266A025F651CF00AEE815 /* mario-mush.png in Resources */,
				2C2A19DE26BBA5A0005356DB /* map_pin_shadow@3x.png in Resources */,
				2C4C9D772614A8D5002039D8 /* nintendo-console6.jpg in Resources */,
				2C98C1DE25EE280700E974EF /* Main.storyboard in Resources */,
				2C2A19E526BBA5A0005356DB /* map_pin_red.png in Resources */,
				2C0F6C5125FB9268008AD618 /* pokemon-detail2.jpg in Resources */,
				2C4C9D732614A8D5002039D8 /* nintendo-console5.jpg in Resources */,
				2C962EE526C0AA3300100F60 /* Pods-Playground-frameworks-Release-output-files.xcfilelist in Resources */,
				2C2A19EC26BBA5A0005356DB /* map_pin.png in Resources */,
				2CD82C5025FA45AE00F66B3C /* zelda-opening.mp3 in Resources */,
				2C4C9D782614A8D5002039D8 /* nintendo-console2.jpg in Resources */,
				2C962EE126C0AA3300100F60 /* Pods-Playground-frameworks.sh in Resources */,
				2C962EE626C0AA3300100F60 /* Pods-Playground-acknowledgements.plist in Resources */,
				2C0F6C5B25FB9AD7008AD618 /* nds-startup.mp3 in Resources */,
				2CF2669925F60F0600AEE815 /* mario-detail.jpg in Resources */,
				2C2A19DA26BBA5A0005356DB /* map_pinup.png in Resources */,
			);
			runOnlyForDeploymentPostprocessing = 0;
		};
/* End PBXResourcesBuildPhase section */

/* Begin PBXShellScriptBuildPhase section */
		7EE742E1148728E7C2535AAD /* [CP] Embed Pods Frameworks */ = {
			isa = PBXShellScriptBuildPhase;
			buildActionMask = 2147483647;
			files = (
			);
			inputFileListPaths = (
				"${PODS_ROOT}/Target Support Files/Pods-Playground/Pods-Playground-frameworks-${CONFIGURATION}-input-files.xcfilelist",
			);
			name = "[CP] Embed Pods Frameworks";
			outputFileListPaths = (
				"${PODS_ROOT}/Target Support Files/Pods-Playground/Pods-Playground-frameworks-${CONFIGURATION}-output-files.xcfilelist",
			);
			runOnlyForDeploymentPostprocessing = 0;
			shellPath = /bin/sh;
			shellScript = "\"${PODS_ROOT}/Target Support Files/Pods-Playground/Pods-Playground-frameworks.sh\"\n";
			showEnvVarsInLog = 0;
		};
		E11B4B92700830E1EBA4CBE3 /* [CP] Check Pods Manifest.lock */ = {
			isa = PBXShellScriptBuildPhase;
			buildActionMask = 2147483647;
			files = (
			);
			inputFileListPaths = (
			);
			inputPaths = (
				"${PODS_PODFILE_DIR_PATH}/Podfile.lock",
				"${PODS_ROOT}/Manifest.lock",
			);
			name = "[CP] Check Pods Manifest.lock";
			outputFileListPaths = (
			);
			outputPaths = (
				"$(DERIVED_FILE_DIR)/Pods-Playground-checkManifestLockResult.txt",
			);
			runOnlyForDeploymentPostprocessing = 0;
			shellPath = /bin/sh;
			shellScript = "diff \"${PODS_PODFILE_DIR_PATH}/Podfile.lock\" \"${PODS_ROOT}/Manifest.lock\" > /dev/null\nif [ $? != 0 ] ; then\n    # print error to STDERR\n    echo \"error: The sandbox is not in sync with the Podfile.lock. Run 'pod install' or update your CocoaPods installation.\" >&2\n    exit 1\nfi\n# This output is used by Xcode 'outputs' to avoid re-running this script phase.\necho \"SUCCESS\" > \"${SCRIPT_OUTPUT_FILE_0}\"\n";
			showEnvVarsInLog = 0;
		};
/* End PBXShellScriptBuildPhase section */

/* Begin PBXSourcesBuildPhase section */
		2C98C1CF25EE280700E974EF /* Sources */ = {
			isa = PBXSourcesBuildPhase;
			buildActionMask = 2147483647;
			files = (
				2CD82C4225FA421700F66B3C /* ZeldaDetailViewControllers.swift in Sources */,
				2C83F44326CCEC16008146F5 /* ConsoleRow.swift in Sources */,
				2C83F44526CDDB8A008146F5 /* ConsoleItem.swift in Sources */,
				2CD82C3B25FA3EAE00F66B3C /* Sound.swift in Sources */,
				2C4C9D6A2614A06E002039D8 /* ConsoleImageView.swift in Sources */,
				2C2E83DD25F3A77F005D0E3A /* MarioDetailViewController.swift in Sources */,
				2C962EE326C0AA3300100F60 /* Pods-Playground-dummy.m in Sources */,
				2C1E562725F1064B00241567 /* PlaystationViewController.swift in Sources */,
				2C028E482613527800E35CB9 /* NConsoleViewController.swift in Sources */,
				2C48715825FF949000C95842 /* NintendoDetailViewController.swift in Sources */,
				2C98C1DB25EE280700E974EF /* ViewController.swift in Sources */,
				2C98C1D725EE280700E974EF /* AppDelegate.swift in Sources */,
				2C59786126C50D21002CB021 /* ConsolesView.swift in Sources */,
				2CE8B06B26A8FCF000F1BA69 /* HTTPManager.swift in Sources */,
				2C619DC225EF6A84004B8C99 /* NintendoViewController.swift in Sources */,
				2C98C1D925EE280700E974EF /* SceneDelegate.swift in Sources */,
				2C0F6C4B25FB9140008AD618 /* PokemonDetailViewController.swift in Sources */,
				2C93A13726BD084600E9CD1A /* NintendoViewModel.swift in Sources */,
				2C93A13426BD050400E9CD1A /* NintendoModel.swift in Sources */,
				2CC6F99726AE5737004EC085 /* TabbarController.swift in Sources */,
			);
			runOnlyForDeploymentPostprocessing = 0;
		};
/* End PBXSourcesBuildPhase section */

/* Begin PBXVariantGroup section */
		2C98C1DC25EE280700E974EF /* Main.storyboard */ = {
			isa = PBXVariantGroup;
			children = (
				2C98C1DD25EE280700E974EF /* Base */,
			);
			name = Main.storyboard;
			sourceTree = "<group>";
		};
		2C98C1E125EE280800E974EF /* LaunchScreen.storyboard */ = {
			isa = PBXVariantGroup;
			children = (
				2C98C1E225EE280800E974EF /* Base */,
			);
			name = LaunchScreen.storyboard;
			sourceTree = "<group>";
		};
/* End PBXVariantGroup section */

/* Begin XCBuildConfiguration section */
		2C98C1E525EE280800E974EF /* Debug */ = {
			isa = XCBuildConfiguration;
			buildSettings = {
				ALWAYS_SEARCH_USER_PATHS = NO;
				CLANG_ANALYZER_NONNULL = YES;
				CLANG_ANALYZER_NUMBER_OBJECT_CONVERSION = YES_AGGRESSIVE;
				CLANG_CXX_LANGUAGE_STANDARD = "gnu++14";
				CLANG_CXX_LIBRARY = "libc++";
				CLANG_ENABLE_MODULES = YES;
				CLANG_ENABLE_OBJC_ARC = NO;
				CLANG_ENABLE_OBJC_WEAK = YES;
				CLANG_WARN_BLOCK_CAPTURE_AUTORELEASING = YES;
				CLANG_WARN_BOOL_CONVERSION = YES;
				CLANG_WARN_COMMA = YES;
				CLANG_WARN_CONSTANT_CONVERSION = YES;
				CLANG_WARN_DEPRECATED_OBJC_IMPLEMENTATIONS = YES;
				CLANG_WARN_DIRECT_OBJC_ISA_USAGE = YES_ERROR;
				CLANG_WARN_DOCUMENTATION_COMMENTS = YES;
				CLANG_WARN_EMPTY_BODY = YES;
				CLANG_WARN_ENUM_CONVERSION = YES;
				CLANG_WARN_INFINITE_RECURSION = YES;
				CLANG_WARN_INT_CONVERSION = YES;
				CLANG_WARN_NON_LITERAL_NULL_CONVERSION = YES;
				CLANG_WARN_OBJC_IMPLICIT_RETAIN_SELF = YES;
				CLANG_WARN_OBJC_LITERAL_CONVERSION = YES;
				CLANG_WARN_OBJC_ROOT_CLASS = YES_ERROR;
				CLANG_WARN_QUOTED_INCLUDE_IN_FRAMEWORK_HEADER = YES;
				CLANG_WARN_RANGE_LOOP_ANALYSIS = YES;
				CLANG_WARN_STRICT_PROTOTYPES = YES;
				CLANG_WARN_SUSPICIOUS_MOVE = YES;
				CLANG_WARN_UNGUARDED_AVAILABILITY = YES_AGGRESSIVE;
				CLANG_WARN_UNREACHABLE_CODE = YES;
				CLANG_WARN__DUPLICATE_METHOD_MATCH = YES;
				COPY_PHASE_STRIP = NO;
				DEBUG_INFORMATION_FORMAT = dwarf;
				ENABLE_STRICT_OBJC_MSGSEND = YES;
				ENABLE_TESTABILITY = YES;
				GCC_C_LANGUAGE_STANDARD = gnu11;
				GCC_DYNAMIC_NO_PIC = NO;
				GCC_NO_COMMON_BLOCKS = YES;
				GCC_OPTIMIZATION_LEVEL = 0;
				GCC_PREPROCESSOR_DEFINITIONS = (
					"DEBUG=1",
					"$(inherited)",
				);
				GCC_WARN_64_TO_32_BIT_CONVERSION = YES;
				GCC_WARN_ABOUT_RETURN_TYPE = YES_ERROR;
				GCC_WARN_UNDECLARED_SELECTOR = YES;
				GCC_WARN_UNINITIALIZED_AUTOS = YES_AGGRESSIVE;
				GCC_WARN_UNUSED_FUNCTION = YES;
				GCC_WARN_UNUSED_VARIABLE = YES;
				IPHONEOS_DEPLOYMENT_TARGET = 14.4;
				MTL_ENABLE_DEBUG_INFO = INCLUDE_SOURCE;
				MTL_FAST_MATH = YES;
				ONLY_ACTIVE_ARCH = YES;
				SDKROOT = iphoneos;
				SWIFT_ACTIVE_COMPILATION_CONDITIONS = DEBUG;
				SWIFT_OBJC_BRIDGING_HEADER = "";
				SWIFT_OPTIMIZATION_LEVEL = "-Onone";
			};
			name = Debug;
		};
		2C98C1E625EE280800E974EF /* Release */ = {
			isa = XCBuildConfiguration;
			buildSettings = {
				ALWAYS_SEARCH_USER_PATHS = NO;
				CLANG_ANALYZER_NONNULL = YES;
				CLANG_ANALYZER_NUMBER_OBJECT_CONVERSION = YES_AGGRESSIVE;
				CLANG_CXX_LANGUAGE_STANDARD = "gnu++14";
				CLANG_CXX_LIBRARY = "libc++";
				CLANG_ENABLE_MODULES = YES;
				CLANG_ENABLE_OBJC_ARC = NO;
				CLANG_ENABLE_OBJC_WEAK = YES;
				CLANG_WARN_BLOCK_CAPTURE_AUTORELEASING = YES;
				CLANG_WARN_BOOL_CONVERSION = YES;
				CLANG_WARN_COMMA = YES;
				CLANG_WARN_CONSTANT_CONVERSION = YES;
				CLANG_WARN_DEPRECATED_OBJC_IMPLEMENTATIONS = YES;
				CLANG_WARN_DIRECT_OBJC_ISA_USAGE = YES_ERROR;
				CLANG_WARN_DOCUMENTATION_COMMENTS = YES;
				CLANG_WARN_EMPTY_BODY = YES;
				CLANG_WARN_ENUM_CONVERSION = YES;
				CLANG_WARN_INFINITE_RECURSION = YES;
				CLANG_WARN_INT_CONVERSION = YES;
				CLANG_WARN_NON_LITERAL_NULL_CONVERSION = YES;
				CLANG_WARN_OBJC_IMPLICIT_RETAIN_SELF = YES;
				CLANG_WARN_OBJC_LITERAL_CONVERSION = YES;
				CLANG_WARN_OBJC_ROOT_CLASS = YES_ERROR;
				CLANG_WARN_QUOTED_INCLUDE_IN_FRAMEWORK_HEADER = YES;
				CLANG_WARN_RANGE_LOOP_ANALYSIS = YES;
				CLANG_WARN_STRICT_PROTOTYPES = YES;
				CLANG_WARN_SUSPICIOUS_MOVE = YES;
				CLANG_WARN_UNGUARDED_AVAILABILITY = YES_AGGRESSIVE;
				CLANG_WARN_UNREACHABLE_CODE = YES;
				CLANG_WARN__DUPLICATE_METHOD_MATCH = YES;
				COPY_PHASE_STRIP = NO;
				DEBUG_INFORMATION_FORMAT = "dwarf-with-dsym";
				ENABLE_NS_ASSERTIONS = NO;
				ENABLE_STRICT_OBJC_MSGSEND = YES;
				GCC_C_LANGUAGE_STANDARD = gnu11;
				GCC_NO_COMMON_BLOCKS = YES;
				GCC_WARN_64_TO_32_BIT_CONVERSION = YES;
				GCC_WARN_ABOUT_RETURN_TYPE = YES_ERROR;
				GCC_WARN_UNDECLARED_SELECTOR = YES;
				GCC_WARN_UNINITIALIZED_AUTOS = YES_AGGRESSIVE;
				GCC_WARN_UNUSED_FUNCTION = YES;
				GCC_WARN_UNUSED_VARIABLE = YES;
				IPHONEOS_DEPLOYMENT_TARGET = 14.4;
				MTL_ENABLE_DEBUG_INFO = NO;
				MTL_FAST_MATH = YES;
				SDKROOT = iphoneos;
				SWIFT_COMPILATION_MODE = wholemodule;
				SWIFT_OBJC_BRIDGING_HEADER = "";
				SWIFT_OPTIMIZATION_LEVEL = "-O";
				VALIDATE_PRODUCT = YES;
			};
			name = Release;
		};
		2C98C1E825EE280800E974EF /* Debug */ = {
			isa = XCBuildConfiguration;
			baseConfigurationReference = 5DC9C50F77133AC1E7E218F8 /* Pods-Playground.debug.xcconfig */;
			buildSettings = {
				ASSETCATALOG_COMPILER_APPICON_NAME = AppIcon;
				ASSETCATALOG_COMPILER_GLOBAL_ACCENT_COLOR_NAME = AccentColor;
				CODE_SIGN_STYLE = Automatic;
				DEVELOPMENT_TEAM = 3SS2Y8YJ8M;
				FRAMEWORK_SEARCH_PATHS = (
					"$(inherited)",
					"\"${PODS_CONFIGURATION_BUILD_DIR}/Alamofire\"",
					"\"${PODS_CONFIGURATION_BUILD_DIR}/lottie-ios\"",
					"$(PROJECT_DIR)/**",
				);
				INFOPLIST_FILE = Playground/Info.plist;
				IPHONEOS_DEPLOYMENT_TARGET = 14.1;
				LD_RUNPATH_SEARCH_PATHS = (
					"$(inherited)",
					"@executable_path/Frameworks",
				);
				PRODUCT_BUNDLE_IDENTIFIER = com.jiwoong.Playground;
				PRODUCT_NAME = "$(TARGET_NAME)";
				SWIFT_OBJC_BRIDGING_HEADER = Header/BridgeHeader.h;
				SWIFT_VERSION = 5.0;
				TARGETED_DEVICE_FAMILY = 1;
			};
			name = Debug;
		};
		2C98C1E925EE280800E974EF /* Release */ = {
			isa = XCBuildConfiguration;
			baseConfigurationReference = 8785C96ECAC33FB50F5497D4 /* Pods-Playground.release.xcconfig */;
			buildSettings = {
				ASSETCATALOG_COMPILER_APPICON_NAME = AppIcon;
				ASSETCATALOG_COMPILER_GLOBAL_ACCENT_COLOR_NAME = AccentColor;
				CODE_SIGN_STYLE = Automatic;
				DEVELOPMENT_TEAM = 3SS2Y8YJ8M;
				FRAMEWORK_SEARCH_PATHS = (
					"$(inherited)",
					"\"${PODS_CONFIGURATION_BUILD_DIR}/Alamofire\"",
					"\"${PODS_CONFIGURATION_BUILD_DIR}/lottie-ios\"",
					"$(PROJECT_DIR)/**",
				);
				INFOPLIST_FILE = Playground/Info.plist;
				IPHONEOS_DEPLOYMENT_TARGET = 14.1;
				LD_RUNPATH_SEARCH_PATHS = (
					"$(inherited)",
					"@executable_path/Frameworks",
				);
				PRODUCT_BUNDLE_IDENTIFIER = com.jiwoong.Playground;
				PRODUCT_NAME = "$(TARGET_NAME)";
				SWIFT_OBJC_BRIDGING_HEADER = Header/BridgeHeader.h;
				SWIFT_VERSION = 5.0;
				TARGETED_DEVICE_FAMILY = 1;
			};
			name = Release;
		};
/* End XCBuildConfiguration section */

/* Begin XCConfigurationList section */
		2C98C1CE25EE280700E974EF /* Build configuration list for PBXProject "Playground" */ = {
			isa = XCConfigurationList;
			buildConfigurations = (
				2C98C1E525EE280800E974EF /* Debug */,
				2C98C1E625EE280800E974EF /* Release */,
			);
			defaultConfigurationIsVisible = 0;
			defaultConfigurationName = Release;
		};
		2C98C1E725EE280800E974EF /* Build configuration list for PBXNativeTarget "Playground" */ = {
			isa = XCConfigurationList;
			buildConfigurations = (
				2C98C1E825EE280800E974EF /* Debug */,
				2C98C1E925EE280800E974EF /* Release */,
			);
			defaultConfigurationIsVisible = 0;
			defaultConfigurationName = Release;
		};
/* End XCConfigurationList section */
	};
	rootObject = 2C98C1CB25EE280700E974EF /* Project object */;
}
